// !$*UTF8*$!
{
	archiveVersion = 1;
	classes = {
	};
	objectVersion = 55;
	objects = {

/* Begin PBXBuildFile section */
		A208014A278676C0008461DA /* PostRaw.swift in Sources */ = {isa = PBXBuildFile; fileRef = A2080149278676C0008461DA /* PostRaw.swift */; };
		A208014C278676CE008461DA /* PostDetailView.swift in Sources */ = {isa = PBXBuildFile; fileRef = A208014B278676CE008461DA /* PostDetailView.swift */; };
		A208014F2786960D008461DA /* PF_TextField.swift in Sources */ = {isa = PBXBuildFile; fileRef = A208014E2786960D008461DA /* PF_TextField.swift */; };
		A208015127869C80008461DA /* SearchInputView.swift in Sources */ = {isa = PBXBuildFile; fileRef = A208015027869C80008461DA /* SearchInputView.swift */; };
		A20801532786D710008461DA /* MT_PageScrollowView.swift in Sources */ = {isa = PBXBuildFile; fileRef = A20801522786D710008461DA /* MT_PageScrollowView.swift */; };
		A20801552786D737008461DA /* MT_PageSegmentView.swift in Sources */ = {isa = PBXBuildFile; fileRef = A20801542786D737008461DA /* MT_PageSegmentView.swift */; };
		A20801572786DC73008461DA /* PolularPhoto.swift in Sources */ = {isa = PBXBuildFile; fileRef = A20801562786DC72008461DA /* PolularPhoto.swift */; };
		A20801592786DC7D008461DA /* PolularPost.swift in Sources */ = {isa = PBXBuildFile; fileRef = A20801582786DC7D008461DA /* PolularPost.swift */; };
		A208015B2786DC89008461DA /* PolularSpace.swift in Sources */ = {isa = PBXBuildFile; fileRef = A208015A2786DC89008461DA /* PolularSpace.swift */; };
		A208015E2786E6BB008461DA /* PolularVideo.swift in Sources */ = {isa = PBXBuildFile; fileRef = A208015D2786E6BB008461DA /* PolularVideo.swift */; };
		A20801612787FBDA008461DA /* LoginView.swift in Sources */ = {isa = PBXBuildFile; fileRef = A20801602787FBDA008461DA /* LoginView.swift */; };
		A20801632788086C008461DA /* WebView.swift in Sources */ = {isa = PBXBuildFile; fileRef = A20801622788086C008461DA /* WebView.swift */; };
		A223114027A5165800EF01B5 /* ApiTest.swift in Sources */ = {isa = PBXBuildFile; fileRef = A223113E27A5165800EF01B5 /* ApiTest.swift */; };
		A223114127A5165800EF01B5 /* HTTPConfig.swift in Sources */ = {isa = PBXBuildFile; fileRef = A223113F27A5165800EF01B5 /* HTTPConfig.swift */; };
		A24070D427856354000A5C30 /* Tabbar.swift in Sources */ = {isa = PBXBuildFile; fileRef = A24070D327856354000A5C30 /* Tabbar.swift */; };
		A28B5F2927A55E6400422195 /* EXTENSIONS.swift in Sources */ = {isa = PBXBuildFile; fileRef = A28B5F2827A55E6400422195 /* EXTENSIONS.swift */; };
		A28B5F2C27A5687F00422195 /* LoginViewModel.swift in Sources */ = {isa = PBXBuildFile; fileRef = A28B5F2B27A5687F00422195 /* LoginViewModel.swift */; };
		A28B5F3027A568C200422195 /* LoginApi.swift in Sources */ = {isa = PBXBuildFile; fileRef = A28B5F2F27A568C200422195 /* LoginApi.swift */; };
		A28B5F3327A568E700422195 /* UserManager.swift in Sources */ = {isa = PBXBuildFile; fileRef = A28B5F3227A568E700422195 /* UserManager.swift */; };
		A2BB753A2785821D00C457D2 /* TimeLineView.swift in Sources */ = {isa = PBXBuildFile; fileRef = A2BB75392785821D00C457D2 /* TimeLineView.swift */; };
		A2BB753C278582BF00C457D2 /* SearchView.swift in Sources */ = {isa = PBXBuildFile; fileRef = A2BB753B278582BF00C457D2 /* SearchView.swift */; };
		A2BB753E278582C600C457D2 /* InBoxView.swift in Sources */ = {isa = PBXBuildFile; fileRef = A2BB753D278582C600C457D2 /* InBoxView.swift */; };
		A2BB7540278582CF00C457D2 /* PolularView.swift in Sources */ = {isa = PBXBuildFile; fileRef = A2BB753F278582CF00C457D2 /* PolularView.swift */; };
		A2BB75432785830600C457D2 /* ProFileView.swift in Sources */ = {isa = PBXBuildFile; fileRef = A2BB75422785830600C457D2 /* ProFileView.swift */; };
		A2BB75462785838F00C457D2 /* SettingView.swift in Sources */ = {isa = PBXBuildFile; fileRef = A2BB75452785838F00C457D2 /* SettingView.swift */; };
		A2BB755B27858CEE00C457D2 /* Montserrat-LightItalic.ttf in Resources */ = {isa = PBXBuildFile; fileRef = A2BB754827858CEE00C457D2 /* Montserrat-LightItalic.ttf */; };
		A2BB755C27858CEE00C457D2 /* Montserrat-Medium.ttf in Resources */ = {isa = PBXBuildFile; fileRef = A2BB754927858CEE00C457D2 /* Montserrat-Medium.ttf */; };
		A2BB755D27858CEE00C457D2 /* Montserrat-BoldItalic.ttf in Resources */ = {isa = PBXBuildFile; fileRef = A2BB754A27858CEE00C457D2 /* Montserrat-BoldItalic.ttf */; };
		A2BB755E27858CEE00C457D2 /* Montserrat-Light.ttf in Resources */ = {isa = PBXBuildFile; fileRef = A2BB754B27858CEE00C457D2 /* Montserrat-Light.ttf */; };
		A2BB755F27858CEE00C457D2 /* Montserrat-ThinItalic.ttf in Resources */ = {isa = PBXBuildFile; fileRef = A2BB754C27858CEE00C457D2 /* Montserrat-ThinItalic.ttf */; };
		A2BB756027858CEE00C457D2 /* Montserrat-ExtraLight.ttf in Resources */ = {isa = PBXBuildFile; fileRef = A2BB754D27858CEE00C457D2 /* Montserrat-ExtraLight.ttf */; };
		A2BB756127858CEE00C457D2 /* Montserrat-Thin.ttf in Resources */ = {isa = PBXBuildFile; fileRef = A2BB754E27858CEE00C457D2 /* Montserrat-Thin.ttf */; };
		A2BB756227858CEE00C457D2 /* Montserrat-Bold.ttf in Resources */ = {isa = PBXBuildFile; fileRef = A2BB754F27858CEE00C457D2 /* Montserrat-Bold.ttf */; };
		A2BB756327858CEE00C457D2 /* Montserrat-MediumItalic.ttf in Resources */ = {isa = PBXBuildFile; fileRef = A2BB755027858CEE00C457D2 /* Montserrat-MediumItalic.ttf */; };
		A2BB756427858CEE00C457D2 /* Montserrat-BlackItalic.ttf in Resources */ = {isa = PBXBuildFile; fileRef = A2BB755127858CEE00C457D2 /* Montserrat-BlackItalic.ttf */; };
		A2BB756527858CEE00C457D2 /* Montserrat-SemiBold.ttf in Resources */ = {isa = PBXBuildFile; fileRef = A2BB755227858CEE00C457D2 /* Montserrat-SemiBold.ttf */; };
		A2BB756627858CEE00C457D2 /* Montserrat-ExtraLightItalic.ttf in Resources */ = {isa = PBXBuildFile; fileRef = A2BB755327858CEE00C457D2 /* Montserrat-ExtraLightItalic.ttf */; };
		A2BB756727858CEE00C457D2 /* Montserrat-ExtraBold.ttf in Resources */ = {isa = PBXBuildFile; fileRef = A2BB755427858CEE00C457D2 /* Montserrat-ExtraBold.ttf */; };
		A2BB756927858CEE00C457D2 /* Montserrat-Black.ttf in Resources */ = {isa = PBXBuildFile; fileRef = A2BB755627858CEE00C457D2 /* Montserrat-Black.ttf */; };
		A2BB756A27858CEE00C457D2 /* Montserrat-Regular.ttf in Resources */ = {isa = PBXBuildFile; fileRef = A2BB755727858CEE00C457D2 /* Montserrat-Regular.ttf */; };
		A2BB756B27858CEE00C457D2 /* Montserrat-Italic.ttf in Resources */ = {isa = PBXBuildFile; fileRef = A2BB755827858CEE00C457D2 /* Montserrat-Italic.ttf */; };
		A2BB756C27858CEE00C457D2 /* Montserrat-SemiBoldItalic.ttf in Resources */ = {isa = PBXBuildFile; fileRef = A2BB755927858CEE00C457D2 /* Montserrat-SemiBoldItalic.ttf */; };
		A2BB756D27858CEE00C457D2 /* Montserrat-ExtraBoldItalic.ttf in Resources */ = {isa = PBXBuildFile; fileRef = A2BB755A27858CEE00C457D2 /* Montserrat-ExtraBoldItalic.ttf */; };
		A2BB757127858F4900C457D2 /* MiSans-Semibold.ttf in Resources */ = {isa = PBXBuildFile; fileRef = A2BB756F27858F4900C457D2 /* MiSans-Semibold.ttf */; };
		A2BB757227858F4900C457D2 /* MiSans-Regular.ttf in Resources */ = {isa = PBXBuildFile; fileRef = A2BB757027858F4900C457D2 /* MiSans-Regular.ttf */; };
		A2F9DFD32785507F000A9D95 /* FantasyTwitterApp.swift in Sources */ = {isa = PBXBuildFile; fileRef = A2F9DFAB2785507E000A9D95 /* FantasyTwitterApp.swift */; };
		A2F9DFD52785507F000A9D95 /* ContentView.swift in Sources */ = {isa = PBXBuildFile; fileRef = A2F9DFAC2785507E000A9D95 /* ContentView.swift */; };
		A2F9DFD72785507F000A9D95 /* Assets.xcassets in Resources */ = {isa = PBXBuildFile; fileRef = A2F9DFAD2785507F000A9D95 /* Assets.xcassets */; };
		A2F9DFEA2785614D000A9D95 /* Fantline-Bridging-Header.m in Sources */ = {isa = PBXBuildFile; fileRef = A2F9DFE92785614D000A9D95 /* Fantline-Bridging-Header.m */; };
		A2F9DFEC278561A2000A9D95 /* AppDelegate.swift in Sources */ = {isa = PBXBuildFile; fileRef = A2F9DFEB278561A2000A9D95 /* AppDelegate.swift */; };
		A2F9DFEF278561C4000A9D95 /* LacunchManager.swift in Sources */ = {isa = PBXBuildFile; fileRef = A2F9DFEE278561C4000A9D95 /* LacunchManager.swift */; };
		A2F9DFF2278561EC000A9D95 /* PublicFuncs.swift in Sources */ = {isa = PBXBuildFile; fileRef = A2F9DFF1278561EC000A9D95 /* PublicFuncs.swift */; };
		A2F9DFFA27856207000A9D95 /* Buttons.swift in Sources */ = {isa = PBXBuildFile; fileRef = A2F9DFF427856207000A9D95 /* Buttons.swift */; };
		A2F9DFFB27856207000A9D95 /* Comps.swift in Sources */ = {isa = PBXBuildFile; fileRef = A2F9DFF627856207000A9D95 /* Comps.swift */; };
		A2F9DFFC27856207000A9D95 /* Font.swift in Sources */ = {isa = PBXBuildFile; fileRef = A2F9DFF727856207000A9D95 /* Font.swift */; };
		A2F9DFFD27856207000A9D95 /* Color.swift in Sources */ = {isa = PBXBuildFile; fileRef = A2F9DFF827856207000A9D95 /* Color.swift */; };
		A2F9DFFE27856207000A9D95 /* UIstate.swift in Sources */ = {isa = PBXBuildFile; fileRef = A2F9DFF927856207000A9D95 /* UIstate.swift */; };
		A2F9E00027856226000A9D95 /* DefultStore.swift in Sources */ = {isa = PBXBuildFile; fileRef = A2F9DFFF27856226000A9D95 /* DefultStore.swift */; };
		BB045D72E1DECFBF48D381D5 /* Pods_FantasyTwitter__iOS_.framework in Frameworks */ = {isa = PBXBuildFile; fileRef = 6785D1340A40DA6D060A2A67 /* Pods_FantasyTwitter__iOS_.framework */; };
/* End PBXBuildFile section */

/* Begin PBXFileReference section */
		2648639395D6137C25A8128D /* Pods-FantasyTwitter (iOS).debug.xcconfig */ = {isa = PBXFileReference; includeInIndex = 1; lastKnownFileType = text.xcconfig; name = "Pods-FantasyTwitter (iOS).debug.xcconfig"; path = "Target Support Files/Pods-FantasyTwitter (iOS)/Pods-FantasyTwitter (iOS).debug.xcconfig"; sourceTree = "<group>"; };
		6785D1340A40DA6D060A2A67 /* Pods_FantasyTwitter__iOS_.framework */ = {isa = PBXFileReference; explicitFileType = wrapper.framework; includeInIndex = 0; path = Pods_FantasyTwitter__iOS_.framework; sourceTree = BUILT_PRODUCTS_DIR; };
		A2080149278676C0008461DA /* PostRaw.swift */ = {isa = PBXFileReference; lastKnownFileType = sourcecode.swift; path = PostRaw.swift; sourceTree = "<group>"; };
		A208014B278676CE008461DA /* PostDetailView.swift */ = {isa = PBXFileReference; lastKnownFileType = sourcecode.swift; path = PostDetailView.swift; sourceTree = "<group>"; };
		A208014E2786960D008461DA /* PF_TextField.swift */ = {isa = PBXFileReference; fileEncoding = 4; lastKnownFileType = sourcecode.swift; path = PF_TextField.swift; sourceTree = "<group>"; };
		A208015027869C80008461DA /* SearchInputView.swift */ = {isa = PBXFileReference; lastKnownFileType = sourcecode.swift; path = SearchInputView.swift; sourceTree = "<group>"; };
		A20801522786D710008461DA /* MT_PageScrollowView.swift */ = {isa = PBXFileReference; lastKnownFileType = sourcecode.swift; path = MT_PageScrollowView.swift; sourceTree = "<group>"; };
		A20801542786D737008461DA /* MT_PageSegmentView.swift */ = {isa = PBXFileReference; lastKnownFileType = sourcecode.swift; path = MT_PageSegmentView.swift; sourceTree = "<group>"; };
		A20801562786DC72008461DA /* PolularPhoto.swift */ = {isa = PBXFileReference; lastKnownFileType = sourcecode.swift; path = PolularPhoto.swift; sourceTree = "<group>"; };
		A20801582786DC7D008461DA /* PolularPost.swift */ = {isa = PBXFileReference; lastKnownFileType = sourcecode.swift; path = PolularPost.swift; sourceTree = "<group>"; };
		A208015A2786DC89008461DA /* PolularSpace.swift */ = {isa = PBXFileReference; lastKnownFileType = sourcecode.swift; path = PolularSpace.swift; sourceTree = "<group>"; };
		A208015D2786E6BB008461DA /* PolularVideo.swift */ = {isa = PBXFileReference; lastKnownFileType = sourcecode.swift; path = PolularVideo.swift; sourceTree = "<group>"; };
		A20801602787FBDA008461DA /* LoginView.swift */ = {isa = PBXFileReference; lastKnownFileType = sourcecode.swift; path = LoginView.swift; sourceTree = "<group>"; };
		A20801622788086C008461DA /* WebView.swift */ = {isa = PBXFileReference; lastKnownFileType = sourcecode.swift; path = WebView.swift; sourceTree = "<group>"; };
		A223113E27A5165800EF01B5 /* ApiTest.swift */ = {isa = PBXFileReference; fileEncoding = 4; lastKnownFileType = sourcecode.swift; path = ApiTest.swift; sourceTree = "<group>"; };
		A223113F27A5165800EF01B5 /* HTTPConfig.swift */ = {isa = PBXFileReference; fileEncoding = 4; lastKnownFileType = sourcecode.swift; path = HTTPConfig.swift; sourceTree = "<group>"; };
		A24070D327856354000A5C30 /* Tabbar.swift */ = {isa = PBXFileReference; fileEncoding = 4; lastKnownFileType = sourcecode.swift; path = Tabbar.swift; sourceTree = "<group>"; };
		A28B5F2827A55E6400422195 /* EXTENSIONS.swift */ = {isa = PBXFileReference; lastKnownFileType = sourcecode.swift; path = EXTENSIONS.swift; sourceTree = "<group>"; };
		A28B5F2B27A5687F00422195 /* LoginViewModel.swift */ = {isa = PBXFileReference; lastKnownFileType = sourcecode.swift; path = LoginViewModel.swift; sourceTree = "<group>"; };
		A28B5F2F27A568C200422195 /* LoginApi.swift */ = {isa = PBXFileReference; lastKnownFileType = sourcecode.swift; path = LoginApi.swift; sourceTree = "<group>"; };
		A28B5F3227A568E700422195 /* UserManager.swift */ = {isa = PBXFileReference; lastKnownFileType = sourcecode.swift; path = UserManager.swift; sourceTree = "<group>"; };
		A2BB75392785821D00C457D2 /* TimeLineView.swift */ = {isa = PBXFileReference; lastKnownFileType = sourcecode.swift; path = TimeLineView.swift; sourceTree = "<group>"; };
		A2BB753B278582BF00C457D2 /* SearchView.swift */ = {isa = PBXFileReference; lastKnownFileType = sourcecode.swift; path = SearchView.swift; sourceTree = "<group>"; };
		A2BB753D278582C600C457D2 /* InBoxView.swift */ = {isa = PBXFileReference; lastKnownFileType = sourcecode.swift; path = InBoxView.swift; sourceTree = "<group>"; };
		A2BB753F278582CF00C457D2 /* PolularView.swift */ = {isa = PBXFileReference; lastKnownFileType = sourcecode.swift; path = PolularView.swift; sourceTree = "<group>"; };
		A2BB75422785830600C457D2 /* ProFileView.swift */ = {isa = PBXFileReference; lastKnownFileType = sourcecode.swift; path = ProFileView.swift; sourceTree = "<group>"; };
		A2BB75452785838F00C457D2 /* SettingView.swift */ = {isa = PBXFileReference; lastKnownFileType = sourcecode.swift; path = SettingView.swift; sourceTree = "<group>"; };
		A2BB754827858CEE00C457D2 /* Montserrat-LightItalic.ttf */ = {isa = PBXFileReference; lastKnownFileType = file; path = "Montserrat-LightItalic.ttf"; sourceTree = "<group>"; };
		A2BB754927858CEE00C457D2 /* Montserrat-Medium.ttf */ = {isa = PBXFileReference; lastKnownFileType = file; path = "Montserrat-Medium.ttf"; sourceTree = "<group>"; };
		A2BB754A27858CEE00C457D2 /* Montserrat-BoldItalic.ttf */ = {isa = PBXFileReference; lastKnownFileType = file; path = "Montserrat-BoldItalic.ttf"; sourceTree = "<group>"; };
		A2BB754B27858CEE00C457D2 /* Montserrat-Light.ttf */ = {isa = PBXFileReference; lastKnownFileType = file; path = "Montserrat-Light.ttf"; sourceTree = "<group>"; };
		A2BB754C27858CEE00C457D2 /* Montserrat-ThinItalic.ttf */ = {isa = PBXFileReference; lastKnownFileType = file; path = "Montserrat-ThinItalic.ttf"; sourceTree = "<group>"; };
		A2BB754D27858CEE00C457D2 /* Montserrat-ExtraLight.ttf */ = {isa = PBXFileReference; lastKnownFileType = file; path = "Montserrat-ExtraLight.ttf"; sourceTree = "<group>"; };
		A2BB754E27858CEE00C457D2 /* Montserrat-Thin.ttf */ = {isa = PBXFileReference; lastKnownFileType = file; path = "Montserrat-Thin.ttf"; sourceTree = "<group>"; };
		A2BB754F27858CEE00C457D2 /* Montserrat-Bold.ttf */ = {isa = PBXFileReference; lastKnownFileType = file; path = "Montserrat-Bold.ttf"; sourceTree = "<group>"; };
		A2BB755027858CEE00C457D2 /* Montserrat-MediumItalic.ttf */ = {isa = PBXFileReference; lastKnownFileType = file; path = "Montserrat-MediumItalic.ttf"; sourceTree = "<group>"; };
		A2BB755127858CEE00C457D2 /* Montserrat-BlackItalic.ttf */ = {isa = PBXFileReference; lastKnownFileType = file; path = "Montserrat-BlackItalic.ttf"; sourceTree = "<group>"; };
		A2BB755227858CEE00C457D2 /* Montserrat-SemiBold.ttf */ = {isa = PBXFileReference; lastKnownFileType = file; path = "Montserrat-SemiBold.ttf"; sourceTree = "<group>"; };
		A2BB755327858CEE00C457D2 /* Montserrat-ExtraLightItalic.ttf */ = {isa = PBXFileReference; lastKnownFileType = file; path = "Montserrat-ExtraLightItalic.ttf"; sourceTree = "<group>"; };
		A2BB755427858CEE00C457D2 /* Montserrat-ExtraBold.ttf */ = {isa = PBXFileReference; lastKnownFileType = file; path = "Montserrat-ExtraBold.ttf"; sourceTree = "<group>"; };
		A2BB755627858CEE00C457D2 /* Montserrat-Black.ttf */ = {isa = PBXFileReference; lastKnownFileType = file; path = "Montserrat-Black.ttf"; sourceTree = "<group>"; };
		A2BB755727858CEE00C457D2 /* Montserrat-Regular.ttf */ = {isa = PBXFileReference; lastKnownFileType = file; path = "Montserrat-Regular.ttf"; sourceTree = "<group>"; };
		A2BB755827858CEE00C457D2 /* Montserrat-Italic.ttf */ = {isa = PBXFileReference; lastKnownFileType = file; path = "Montserrat-Italic.ttf"; sourceTree = "<group>"; };
		A2BB755927858CEE00C457D2 /* Montserrat-SemiBoldItalic.ttf */ = {isa = PBXFileReference; lastKnownFileType = file; path = "Montserrat-SemiBoldItalic.ttf"; sourceTree = "<group>"; };
		A2BB755A27858CEE00C457D2 /* Montserrat-ExtraBoldItalic.ttf */ = {isa = PBXFileReference; lastKnownFileType = file; path = "Montserrat-ExtraBoldItalic.ttf"; sourceTree = "<group>"; };
		A2BB756E27858D0200C457D2 /* FantasyTwitter--iOS--Info.plist */ = {isa = PBXFileReference; lastKnownFileType = text.plist; path = "FantasyTwitter--iOS--Info.plist"; sourceTree = "<group>"; };
		A2BB756F27858F4900C457D2 /* MiSans-Semibold.ttf */ = {isa = PBXFileReference; lastKnownFileType = file; path = "MiSans-Semibold.ttf"; sourceTree = "<group>"; };
		A2BB757027858F4900C457D2 /* MiSans-Regular.ttf */ = {isa = PBXFileReference; lastKnownFileType = file; path = "MiSans-Regular.ttf"; sourceTree = "<group>"; };
		A2F9DFAB2785507E000A9D95 /* FantasyTwitterApp.swift */ = {isa = PBXFileReference; lastKnownFileType = sourcecode.swift; path = FantasyTwitterApp.swift; sourceTree = "<group>"; };
		A2F9DFAC2785507E000A9D95 /* ContentView.swift */ = {isa = PBXFileReference; lastKnownFileType = sourcecode.swift; path = ContentView.swift; sourceTree = "<group>"; };
		A2F9DFAD2785507F000A9D95 /* Assets.xcassets */ = {isa = PBXFileReference; lastKnownFileType = folder.assetcatalog; path = Assets.xcassets; sourceTree = "<group>"; };
		A2F9DFB22785507F000A9D95 /* 推特圈.app */ = {isa = PBXFileReference; explicitFileType = wrapper.application; includeInIndex = 0; path = "推特圈.app"; sourceTree = BUILT_PRODUCTS_DIR; };
		A2F9DFE82785614D000A9D95 /* FantasyTwitter (iOS)-Bridging-Header.h */ = {isa = PBXFileReference; lastKnownFileType = sourcecode.c.h; path = "FantasyTwitter (iOS)-Bridging-Header.h"; sourceTree = "<group>"; };
		A2F9DFE92785614D000A9D95 /* Fantline-Bridging-Header.m */ = {isa = PBXFileReference; lastKnownFileType = sourcecode.c.objc; path = "Fantline-Bridging-Header.m"; sourceTree = "<group>"; };
		A2F9DFEB278561A2000A9D95 /* AppDelegate.swift */ = {isa = PBXFileReference; fileEncoding = 4; lastKnownFileType = sourcecode.swift; path = AppDelegate.swift; sourceTree = "<group>"; };
		A2F9DFEE278561C4000A9D95 /* LacunchManager.swift */ = {isa = PBXFileReference; fileEncoding = 4; lastKnownFileType = sourcecode.swift; path = LacunchManager.swift; sourceTree = "<group>"; };
		A2F9DFF1278561EC000A9D95 /* PublicFuncs.swift */ = {isa = PBXFileReference; fileEncoding = 4; lastKnownFileType = sourcecode.swift; path = PublicFuncs.swift; sourceTree = "<group>"; };
		A2F9DFF427856207000A9D95 /* Buttons.swift */ = {isa = PBXFileReference; fileEncoding = 4; lastKnownFileType = sourcecode.swift; path = Buttons.swift; sourceTree = "<group>"; };
		A2F9DFF627856207000A9D95 /* Comps.swift */ = {isa = PBXFileReference; fileEncoding = 4; lastKnownFileType = sourcecode.swift; path = Comps.swift; sourceTree = "<group>"; };
		A2F9DFF727856207000A9D95 /* Font.swift */ = {isa = PBXFileReference; fileEncoding = 4; lastKnownFileType = sourcecode.swift; path = Font.swift; sourceTree = "<group>"; };
		A2F9DFF827856207000A9D95 /* Color.swift */ = {isa = PBXFileReference; fileEncoding = 4; lastKnownFileType = sourcecode.swift; path = Color.swift; sourceTree = "<group>"; };
		A2F9DFF927856207000A9D95 /* UIstate.swift */ = {isa = PBXFileReference; fileEncoding = 4; lastKnownFileType = sourcecode.swift; path = UIstate.swift; sourceTree = "<group>"; };
		A2F9DFFF27856226000A9D95 /* DefultStore.swift */ = {isa = PBXFileReference; fileEncoding = 4; lastKnownFileType = sourcecode.swift; path = DefultStore.swift; sourceTree = "<group>"; };
		D9067FC4A25965180DB1626C /* Pods-FantasyTwitter (iOS).release.xcconfig */ = {isa = PBXFileReference; includeInIndex = 1; lastKnownFileType = text.xcconfig; name = "Pods-FantasyTwitter (iOS).release.xcconfig"; path = "Target Support Files/Pods-FantasyTwitter (iOS)/Pods-FantasyTwitter (iOS).release.xcconfig"; sourceTree = "<group>"; };
/* End PBXFileReference section */

/* Begin PBXFrameworksBuildPhase section */
		A2F9DFAF2785507F000A9D95 /* Frameworks */ = {
			isa = PBXFrameworksBuildPhase;
			buildActionMask = 2147483647;
			files = (
				BB045D72E1DECFBF48D381D5 /* Pods_FantasyTwitter__iOS_.framework in Frameworks */,
			);
			runOnlyForDeploymentPostprocessing = 0;
		};
/* End PBXFrameworksBuildPhase section */

/* Begin PBXGroup section */
		234B4FBA815301E8D6B7D503 /* Frameworks */ = {
			isa = PBXGroup;
			children = (
				6785D1340A40DA6D060A2A67 /* Pods_FantasyTwitter__iOS_.framework */,
			);
			name = Frameworks;
			sourceTree = "<group>";
		};
		A208014D27869602008461DA /* UIKitViews */ = {
			isa = PBXGroup;
			children = (
				A208014E2786960D008461DA /* PF_TextField.swift */,
				A20801522786D710008461DA /* MT_PageScrollowView.swift */,
				A20801542786D737008461DA /* MT_PageSegmentView.swift */,
				A20801622788086C008461DA /* WebView.swift */,
			);
			path = UIKitViews;
			sourceTree = "<group>";
		};
		A208015F2787FBCA008461DA /* Login */ = {
			isa = PBXGroup;
			children = (
				A20801602787FBDA008461DA /* LoginView.swift */,
			);
			path = Login;
			sourceTree = "<group>";
		};
		A223113D27A5165800EF01B5 /* Networking */ = {
			isa = PBXGroup;
			children = (
				A223113E27A5165800EF01B5 /* ApiTest.swift */,
				A223113F27A5165800EF01B5 /* HTTPConfig.swift */,
			);
			path = Networking;
			sourceTree = "<group>";
		};
		A28B5F2D27A568A800422195 /* Api */ = {
			isa = PBXGroup;
			children = (
				A28B5F2F27A568C200422195 /* LoginApi.swift */,
			);
			path = Api;
			sourceTree = "<group>";
		};
		A28B5F2E27A568AF00422195 /* Models */ = {
			isa = PBXGroup;
			children = (
			);
			path = Models;
			sourceTree = "<group>";
		};
		A28B5F3127A568D800422195 /* ViewModels */ = {
			isa = PBXGroup;
			children = (
				A28B5F2B27A5687F00422195 /* LoginViewModel.swift */,
				A28B5F3227A568E700422195 /* UserManager.swift */,
			);
			path = ViewModels;
			sourceTree = "<group>";
		};
		A2BB7541278582F900C457D2 /* Profile */ = {
			isa = PBXGroup;
			children = (
				A2BB75422785830600C457D2 /* ProFileView.swift */,
			);
			path = Profile;
			sourceTree = "<group>";
		};
		A2BB75442785837F00C457D2 /* Setting */ = {
			isa = PBXGroup;
			children = (
				A2BB75452785838F00C457D2 /* SettingView.swift */,
			);
			path = Setting;
			sourceTree = "<group>";
		};
		A2BB754727858CEE00C457D2 /* Font */ = {
			isa = PBXGroup;
			children = (
				A2BB757027858F4900C457D2 /* MiSans-Regular.ttf */,
				A2BB756F27858F4900C457D2 /* MiSans-Semibold.ttf */,
				A2BB754827858CEE00C457D2 /* Montserrat-LightItalic.ttf */,
				A2BB754927858CEE00C457D2 /* Montserrat-Medium.ttf */,
				A2BB754A27858CEE00C457D2 /* Montserrat-BoldItalic.ttf */,
				A2BB754B27858CEE00C457D2 /* Montserrat-Light.ttf */,
				A2BB754C27858CEE00C457D2 /* Montserrat-ThinItalic.ttf */,
				A2BB754D27858CEE00C457D2 /* Montserrat-ExtraLight.ttf */,
				A2BB754E27858CEE00C457D2 /* Montserrat-Thin.ttf */,
				A2BB754F27858CEE00C457D2 /* Montserrat-Bold.ttf */,
				A2BB755027858CEE00C457D2 /* Montserrat-MediumItalic.ttf */,
				A2BB755127858CEE00C457D2 /* Montserrat-BlackItalic.ttf */,
				A2BB755227858CEE00C457D2 /* Montserrat-SemiBold.ttf */,
				A2BB755327858CEE00C457D2 /* Montserrat-ExtraLightItalic.ttf */,
				A2BB755427858CEE00C457D2 /* Montserrat-ExtraBold.ttf */,
				A2BB755627858CEE00C457D2 /* Montserrat-Black.ttf */,
				A2BB755727858CEE00C457D2 /* Montserrat-Regular.ttf */,
				A2BB755827858CEE00C457D2 /* Montserrat-Italic.ttf */,
				A2BB755927858CEE00C457D2 /* Montserrat-SemiBoldItalic.ttf */,
				A2BB755A27858CEE00C457D2 /* Montserrat-ExtraBoldItalic.ttf */,
			);
			path = Font;
			sourceTree = "<group>";
		};
		A2F9DFA52785507E000A9D95 = {
			isa = PBXGroup;
			children = (
				A2BB756E27858D0200C457D2 /* FantasyTwitter--iOS--Info.plist */,
				A2F9DFE7278552B0000A9D95 /* App */,
				A2F9DFB32785507F000A9D95 /* Products */,
				E7EEA9EB4CFA5C67B8274839 /* Pods */,
				A2BB754727858CEE00C457D2 /* Font */,
				234B4FBA815301E8D6B7D503 /* Frameworks */,
			);
			sourceTree = "<group>";
		};
		A2F9DFB32785507F000A9D95 /* Products */ = {
			isa = PBXGroup;
			children = (
				A2F9DFB22785507F000A9D95 /* 推特圈.app */,
			);
			name = Products;
			sourceTree = "<group>";
		};
		A2F9DFE7278552B0000A9D95 /* App */ = {
			isa = PBXGroup;
			children = (
				A2F9DFAB2785507E000A9D95 /* FantasyTwitterApp.swift */,
				A2F9DFFF27856226000A9D95 /* DefultStore.swift */,
				A2F9DFEB278561A2000A9D95 /* AppDelegate.swift */,
				A2F9DFE92785614D000A9D95 /* Fantline-Bridging-Header.m */,
				A2F9DFE82785614D000A9D95 /* FantasyTwitter (iOS)-Bridging-Header.h */,
				A2F9DFAD2785507F000A9D95 /* Assets.xcassets */,
				A2F9DFAC2785507E000A9D95 /* ContentView.swift */,
				A28B5F2E27A568AF00422195 /* Models */,
				A2F9DFF0278561CE000A9D95 /* Views */,
				A28B5F3127A568D800422195 /* ViewModels */,
				A28B5F2D27A568A800422195 /* Api */,
				A2F9DFF327856207000A9D95 /* UISettings */,
				A2F9DFED278561BB000A9D95 /* Tools */,
			);
			path = App;
			sourceTree = "<group>";
		};
		A2F9DFED278561BB000A9D95 /* Tools */ = {
			isa = PBXGroup;
			children = (
				A223113D27A5165800EF01B5 /* Networking */,
				A208014D27869602008461DA /* UIKitViews */,
				A2F9DFF1278561EC000A9D95 /* PublicFuncs.swift */,
				A2F9DFEE278561C4000A9D95 /* LacunchManager.swift */,
				A28B5F2827A55E6400422195 /* EXTENSIONS.swift */,
			);
			path = Tools;
			sourceTree = "<group>";
		};
		A2F9DFF0278561CE000A9D95 /* Views */ = {
			isa = PBXGroup;
			children = (
				A24070D327856354000A5C30 /* Tabbar.swift */,
				A208015F2787FBCA008461DA /* Login */,
				A2BB75442785837F00C457D2 /* Setting */,
				A2BB7541278582F900C457D2 /* Profile */,
				A2F9E00127856273000A9D95 /* Timeline */,
				A2F9E004278562CF000A9D95 /* Polular */,
				A2F9E0032785628E000A9D95 /* Search */,
				A2F9E00227856287000A9D95 /* Message&Notice */,
			);
			path = Views;
			sourceTree = "<group>";
		};
		A2F9DFF327856207000A9D95 /* UISettings */ = {
			isa = PBXGroup;
			children = (
				A2F9DFF427856207000A9D95 /* Buttons.swift */,
				A2F9DFF527856207000A9D95 /* UIConfig */,
				A2F9DFF927856207000A9D95 /* UIstate.swift */,
			);
			path = UISettings;
			sourceTree = "<group>";
		};
		A2F9DFF527856207000A9D95 /* UIConfig */ = {
			isa = PBXGroup;
			children = (
				A2F9DFF627856207000A9D95 /* Comps.swift */,
				A2F9DFF727856207000A9D95 /* Font.swift */,
				A2F9DFF827856207000A9D95 /* Color.swift */,
			);
			path = UIConfig;
			sourceTree = "<group>";
		};
		A2F9E00127856273000A9D95 /* Timeline */ = {
			isa = PBXGroup;
			children = (
				A2BB75392785821D00C457D2 /* TimeLineView.swift */,
				A2080149278676C0008461DA /* PostRaw.swift */,
				A208014B278676CE008461DA /* PostDetailView.swift */,
			);
			path = Timeline;
			sourceTree = "<group>";
		};
		A2F9E00227856287000A9D95 /* Message&Notice */ = {
			isa = PBXGroup;
			children = (
				A2BB753D278582C600C457D2 /* InBoxView.swift */,
			);
			path = "Message&Notice";
			sourceTree = "<group>";
		};
		A2F9E0032785628E000A9D95 /* Search */ = {
			isa = PBXGroup;
			children = (
				A2BB753B278582BF00C457D2 /* SearchView.swift */,
				A208015027869C80008461DA /* SearchInputView.swift */,
			);
			path = Search;
			sourceTree = "<group>";
		};
		A2F9E004278562CF000A9D95 /* Polular */ = {
			isa = PBXGroup;
			children = (
				A2BB753F278582CF00C457D2 /* PolularView.swift */,
				A20801562786DC72008461DA /* PolularPhoto.swift */,
				A208015D2786E6BB008461DA /* PolularVideo.swift */,
				A20801582786DC7D008461DA /* PolularPost.swift */,
				A208015A2786DC89008461DA /* PolularSpace.swift */,
			);
			path = Polular;
			sourceTree = "<group>";
		};
		E7EEA9EB4CFA5C67B8274839 /* Pods */ = {
			isa = PBXGroup;
			children = (
				2648639395D6137C25A8128D /* Pods-FantasyTwitter (iOS).debug.xcconfig */,
				D9067FC4A25965180DB1626C /* Pods-FantasyTwitter (iOS).release.xcconfig */,
			);
			path = Pods;
			sourceTree = "<group>";
		};
/* End PBXGroup section */

/* Begin PBXNativeTarget section */
		A2F9DFB12785507F000A9D95 /* FantasyTwitter (iOS) */ = {
			isa = PBXNativeTarget;
			buildConfigurationList = A2F9DFDB2785507F000A9D95 /* Build configuration list for PBXNativeTarget "FantasyTwitter (iOS)" */;
			buildPhases = (
				5D57EC0A676A6AB189959B87 /* [CP] Check Pods Manifest.lock */,
				A2F9DFAE2785507F000A9D95 /* Sources */,
				A2F9DFAF2785507F000A9D95 /* Frameworks */,
				A2F9DFB02785507F000A9D95 /* Resources */,
				CEF3E4A2A334D8CB0810C1FC /* [CP] Embed Pods Frameworks */,
				1A770B728E2F38AA716F57A5 /* [CP] Copy Pods Resources */,
			);
			buildRules = (
			);
			dependencies = (
			);
			name = "FantasyTwitter (iOS)";
			productName = "FantasyTwitter (iOS)";
			productReference = A2F9DFB22785507F000A9D95 /* 推特圈.app */;
			productType = "com.apple.product-type.application";
		};
/* End PBXNativeTarget section */

/* Begin PBXProject section */
		A2F9DFA62785507E000A9D95 /* Project object */ = {
			isa = PBXProject;
			attributes = {
				BuildIndependentTargetsInParallel = 1;
				LastSwiftUpdateCheck = 1320;
				LastUpgradeCheck = 1320;
				TargetAttributes = {
					A2F9DFB12785507F000A9D95 = {
						CreatedOnToolsVersion = 13.2;
						LastSwiftMigration = 1320;
					};
				};
			};
			buildConfigurationList = A2F9DFA92785507E000A9D95 /* Build configuration list for PBXProject "FantasyTwitter" */;
			compatibilityVersion = "Xcode 13.0";
			developmentRegion = en;
			hasScannedForEncodings = 0;
			knownRegions = (
				en,
				Base,
			);
			mainGroup = A2F9DFA52785507E000A9D95;
			productRefGroup = A2F9DFB32785507F000A9D95 /* Products */;
			projectDirPath = "";
			projectRoot = "";
			targets = (
				A2F9DFB12785507F000A9D95 /* FantasyTwitter (iOS) */,
			);
		};
/* End PBXProject section */

/* Begin PBXResourcesBuildPhase section */
		A2F9DFB02785507F000A9D95 /* Resources */ = {
			isa = PBXResourcesBuildPhase;
			buildActionMask = 2147483647;
			files = (
				A2BB756C27858CEE00C457D2 /* Montserrat-SemiBoldItalic.ttf in Resources */,
				A2BB756327858CEE00C457D2 /* Montserrat-MediumItalic.ttf in Resources */,
				A2BB756A27858CEE00C457D2 /* Montserrat-Regular.ttf in Resources */,
				A2BB755E27858CEE00C457D2 /* Montserrat-Light.ttf in Resources */,
				A2BB756627858CEE00C457D2 /* Montserrat-ExtraLightItalic.ttf in Resources */,
				A2BB755D27858CEE00C457D2 /* Montserrat-BoldItalic.ttf in Resources */,
				A2BB756427858CEE00C457D2 /* Montserrat-BlackItalic.ttf in Resources */,
				A2BB756727858CEE00C457D2 /* Montserrat-ExtraBold.ttf in Resources */,
				A2BB755F27858CEE00C457D2 /* Montserrat-ThinItalic.ttf in Resources */,
				A2BB757227858F4900C457D2 /* MiSans-Regular.ttf in Resources */,
				A2BB756027858CEE00C457D2 /* Montserrat-ExtraLight.ttf in Resources */,
				A2BB756927858CEE00C457D2 /* Montserrat-Black.ttf in Resources */,
				A2BB756527858CEE00C457D2 /* Montserrat-SemiBold.ttf in Resources */,
				A2BB757127858F4900C457D2 /* MiSans-Semibold.ttf in Resources */,
				A2BB755B27858CEE00C457D2 /* Montserrat-LightItalic.ttf in Resources */,
				A2BB756227858CEE00C457D2 /* Montserrat-Bold.ttf in Resources */,
				A2BB755C27858CEE00C457D2 /* Montserrat-Medium.ttf in Resources */,
				A2BB756B27858CEE00C457D2 /* Montserrat-Italic.ttf in Resources */,
				A2BB756D27858CEE00C457D2 /* Montserrat-ExtraBoldItalic.ttf in Resources */,
				A2BB756127858CEE00C457D2 /* Montserrat-Thin.ttf in Resources */,
				A2F9DFD72785507F000A9D95 /* Assets.xcassets in Resources */,
			);
			runOnlyForDeploymentPostprocessing = 0;
		};
/* End PBXResourcesBuildPhase section */

/* Begin PBXShellScriptBuildPhase section */
		1A770B728E2F38AA716F57A5 /* [CP] Copy Pods Resources */ = {
			isa = PBXShellScriptBuildPhase;
			buildActionMask = 2147483647;
			files = (
			);
			inputFileListPaths = (
				"${PODS_ROOT}/Target Support Files/Pods-FantasyTwitter (iOS)/Pods-FantasyTwitter (iOS)-resources-${CONFIGURATION}-input-files.xcfilelist",
			);
			name = "[CP] Copy Pods Resources";
			outputFileListPaths = (
				"${PODS_ROOT}/Target Support Files/Pods-FantasyTwitter (iOS)/Pods-FantasyTwitter (iOS)-resources-${CONFIGURATION}-output-files.xcfilelist",
			);
			runOnlyForDeploymentPostprocessing = 0;
			shellPath = /bin/sh;
			shellScript = "\"${PODS_ROOT}/Target Support Files/Pods-FantasyTwitter (iOS)/Pods-FantasyTwitter (iOS)-resources.sh\"\n";
			showEnvVarsInLog = 0;
		};
		5D57EC0A676A6AB189959B87 /* [CP] Check Pods Manifest.lock */ = {
			isa = PBXShellScriptBuildPhase;
			buildActionMask = 2147483647;
			files = (
			);
			inputFileListPaths = (
			);
			inputPaths = (
				"${PODS_PODFILE_DIR_PATH}/Podfile.lock",
				"${PODS_ROOT}/Manifest.lock",
			);
			name = "[CP] Check Pods Manifest.lock";
			outputFileListPaths = (
			);
			outputPaths = (
				"$(DERIVED_FILE_DIR)/Pods-FantasyTwitter (iOS)-checkManifestLockResult.txt",
			);
			runOnlyForDeploymentPostprocessing = 0;
			shellPath = /bin/sh;
			shellScript = "diff \"${PODS_PODFILE_DIR_PATH}/Podfile.lock\" \"${PODS_ROOT}/Manifest.lock\" > /dev/null\nif [ $? != 0 ] ; then\n    # print error to STDERR\n    echo \"error: The sandbox is not in sync with the Podfile.lock. Run 'pod install' or update your CocoaPods installation.\" >&2\n    exit 1\nfi\n# This output is used by Xcode 'outputs' to avoid re-running this script phase.\necho \"SUCCESS\" > \"${SCRIPT_OUTPUT_FILE_0}\"\n";
			showEnvVarsInLog = 0;
		};
		CEF3E4A2A334D8CB0810C1FC /* [CP] Embed Pods Frameworks */ = {
			isa = PBXShellScriptBuildPhase;
			buildActionMask = 2147483647;
			files = (
			);
			inputFileListPaths = (
				"${PODS_ROOT}/Target Support Files/Pods-FantasyTwitter (iOS)/Pods-FantasyTwitter (iOS)-frameworks-${CONFIGURATION}-input-files.xcfilelist",
			);
			name = "[CP] Embed Pods Frameworks";
			outputFileListPaths = (
				"${PODS_ROOT}/Target Support Files/Pods-FantasyTwitter (iOS)/Pods-FantasyTwitter (iOS)-frameworks-${CONFIGURATION}-output-files.xcfilelist",
			);
			runOnlyForDeploymentPostprocessing = 0;
			shellPath = /bin/sh;
			shellScript = "\"${PODS_ROOT}/Target Support Files/Pods-FantasyTwitter (iOS)/Pods-FantasyTwitter (iOS)-frameworks.sh\"\n";
			showEnvVarsInLog = 0;
		};
/* End PBXShellScriptBuildPhase section */

/* Begin PBXSourcesBuildPhase section */
		A2F9DFAE2785507F000A9D95 /* Sources */ = {
			isa = PBXSourcesBuildPhase;
			buildActionMask = 2147483647;
			files = (
				A20801532786D710008461DA /* MT_PageScrollowView.swift in Sources */,
				A2BB75432785830600C457D2 /* ProFileView.swift in Sources */,
				A223114027A5165800EF01B5 /* ApiTest.swift in Sources */,
				A2F9DFFB27856207000A9D95 /* Comps.swift in Sources */,
				A20801632788086C008461DA /* WebView.swift in Sources */,
				A2F9DFFA27856207000A9D95 /* Buttons.swift in Sources */,
				A2BB7540278582CF00C457D2 /* PolularView.swift in Sources */,
				A2F9DFF2278561EC000A9D95 /* PublicFuncs.swift in Sources */,
				A2F9DFFD27856207000A9D95 /* Color.swift in Sources */,
				A24070D427856354000A5C30 /* Tabbar.swift in Sources */,
				A208015E2786E6BB008461DA /* PolularVideo.swift in Sources */,
				A28B5F2927A55E6400422195 /* EXTENSIONS.swift in Sources */,
				A20801572786DC73008461DA /* PolularPhoto.swift in Sources */,
				A28B5F2C27A5687F00422195 /* LoginViewModel.swift in Sources */,
				A2F9DFEC278561A2000A9D95 /* AppDelegate.swift in Sources */,
				A2F9E00027856226000A9D95 /* DefultStore.swift in Sources */,
				A28B5F3027A568C200422195 /* LoginApi.swift in Sources */,
				A2F9DFEA2785614D000A9D95 /* Fantline-Bridging-Header.m in Sources */,
				A28B5F3327A568E700422195 /* UserManager.swift in Sources */,
				A2BB75462785838F00C457D2 /* SettingView.swift in Sources */,
				A2F9DFFC27856207000A9D95 /* Font.swift in Sources */,
				A2F9DFD52785507F000A9D95 /* ContentView.swift in Sources */,
				A2BB753C278582BF00C457D2 /* SearchView.swift in Sources */,
				A2F9DFEF278561C4000A9D95 /* LacunchManager.swift in Sources */,
				A20801612787FBDA008461DA /* LoginView.swift in Sources */,
				A208014F2786960D008461DA /* PF_TextField.swift in Sources */,
				A2F9DFFE27856207000A9D95 /* UIstate.swift in Sources */,
				A2BB753E278582C600C457D2 /* InBoxView.swift in Sources */,
				A208015B2786DC89008461DA /* PolularSpace.swift in Sources */,
				A20801552786D737008461DA /* MT_PageSegmentView.swift in Sources */,
				A208015127869C80008461DA /* SearchInputView.swift in Sources */,
				A2F9DFD32785507F000A9D95 /* FantasyTwitterApp.swift in Sources */,
				A208014C278676CE008461DA /* PostDetailView.swift in Sources */,
				A208014A278676C0008461DA /* PostRaw.swift in Sources */,
				A20801592786DC7D008461DA /* PolularPost.swift in Sources */,
				A2BB753A2785821D00C457D2 /* TimeLineView.swift in Sources */,
				A223114127A5165800EF01B5 /* HTTPConfig.swift in Sources */,
			);
			runOnlyForDeploymentPostprocessing = 0;
		};
/* End PBXSourcesBuildPhase section */

/* Begin XCBuildConfiguration section */
		A2F9DFD92785507F000A9D95 /* Debug */ = {
			isa = XCBuildConfiguration;
			buildSettings = {
				ALWAYS_SEARCH_USER_PATHS = NO;
				CLANG_ANALYZER_NONNULL = YES;
				CLANG_ANALYZER_NUMBER_OBJECT_CONVERSION = YES_AGGRESSIVE;
				CLANG_CXX_LANGUAGE_STANDARD = "gnu++17";
				CLANG_CXX_LIBRARY = "libc++";
				CLANG_ENABLE_MODULES = YES;
				CLANG_ENABLE_OBJC_ARC = YES;
				CLANG_ENABLE_OBJC_WEAK = YES;
				CLANG_WARN_BLOCK_CAPTURE_AUTORELEASING = YES;
				CLANG_WARN_BOOL_CONVERSION = YES;
				CLANG_WARN_COMMA = YES;
				CLANG_WARN_CONSTANT_CONVERSION = YES;
				CLANG_WARN_DEPRECATED_OBJC_IMPLEMENTATIONS = YES;
				CLANG_WARN_DIRECT_OBJC_ISA_USAGE = YES_ERROR;
				CLANG_WARN_DOCUMENTATION_COMMENTS = YES;
				CLANG_WARN_EMPTY_BODY = YES;
				CLANG_WARN_ENUM_CONVERSION = YES;
				CLANG_WARN_INFINITE_RECURSION = YES;
				CLANG_WARN_INT_CONVERSION = YES;
				CLANG_WARN_NON_LITERAL_NULL_CONVERSION = YES;
				CLANG_WARN_OBJC_IMPLICIT_RETAIN_SELF = YES;
				CLANG_WARN_OBJC_LITERAL_CONVERSION = YES;
				CLANG_WARN_OBJC_ROOT_CLASS = YES_ERROR;
				CLANG_WARN_QUOTED_INCLUDE_IN_FRAMEWORK_HEADER = YES;
				CLANG_WARN_RANGE_LOOP_ANALYSIS = YES;
				CLANG_WARN_STRICT_PROTOTYPES = YES;
				CLANG_WARN_SUSPICIOUS_MOVE = YES;
				CLANG_WARN_UNGUARDED_AVAILABILITY = YES_AGGRESSIVE;
				CLANG_WARN_UNREACHABLE_CODE = YES;
				CLANG_WARN__DUPLICATE_METHOD_MATCH = YES;
				COPY_PHASE_STRIP = NO;
				DEBUG_INFORMATION_FORMAT = dwarf;
				ENABLE_STRICT_OBJC_MSGSEND = YES;
				ENABLE_TESTABILITY = YES;
				GCC_C_LANGUAGE_STANDARD = gnu11;
				GCC_DYNAMIC_NO_PIC = NO;
				GCC_NO_COMMON_BLOCKS = YES;
				GCC_OPTIMIZATION_LEVEL = 0;
				GCC_PREPROCESSOR_DEFINITIONS = (
					"DEBUG=1",
					"$(inherited)",
				);
				GCC_WARN_64_TO_32_BIT_CONVERSION = YES;
				GCC_WARN_ABOUT_RETURN_TYPE = YES_ERROR;
				GCC_WARN_UNDECLARED_SELECTOR = YES;
				GCC_WARN_UNINITIALIZED_AUTOS = YES_AGGRESSIVE;
				GCC_WARN_UNUSED_FUNCTION = YES;
				GCC_WARN_UNUSED_VARIABLE = YES;
				IPHONEOS_DEPLOYMENT_TARGET = 15.0;
				MTL_ENABLE_DEBUG_INFO = INCLUDE_SOURCE;
				MTL_FAST_MATH = YES;
				ONLY_ACTIVE_ARCH = YES;
				SWIFT_ACTIVE_COMPILATION_CONDITIONS = DEBUG;
				SWIFT_OPTIMIZATION_LEVEL = "-Onone";
			};
			name = Debug;
		};
		A2F9DFDA2785507F000A9D95 /* Release */ = {
			isa = XCBuildConfiguration;
			buildSettings = {
				ALWAYS_SEARCH_USER_PATHS = NO;
				CLANG_ANALYZER_NONNULL = YES;
				CLANG_ANALYZER_NUMBER_OBJECT_CONVERSION = YES_AGGRESSIVE;
				CLANG_CXX_LANGUAGE_STANDARD = "gnu++17";
				CLANG_CXX_LIBRARY = "libc++";
				CLANG_ENABLE_MODULES = YES;
				CLANG_ENABLE_OBJC_ARC = YES;
				CLANG_ENABLE_OBJC_WEAK = YES;
				CLANG_WARN_BLOCK_CAPTURE_AUTORELEASING = YES;
				CLANG_WARN_BOOL_CONVERSION = YES;
				CLANG_WARN_COMMA = YES;
				CLANG_WARN_CONSTANT_CONVERSION = YES;
				CLANG_WARN_DEPRECATED_OBJC_IMPLEMENTATIONS = YES;
				CLANG_WARN_DIRECT_OBJC_ISA_USAGE = YES_ERROR;
				CLANG_WARN_DOCUMENTATION_COMMENTS = YES;
				CLANG_WARN_EMPTY_BODY = YES;
				CLANG_WARN_ENUM_CONVERSION = YES;
				CLANG_WARN_INFINITE_RECURSION = YES;
				CLANG_WARN_INT_CONVERSION = YES;
				CLANG_WARN_NON_LITERAL_NULL_CONVERSION = YES;
				CLANG_WARN_OBJC_IMPLICIT_RETAIN_SELF = YES;
				CLANG_WARN_OBJC_LITERAL_CONVERSION = YES;
				CLANG_WARN_OBJC_ROOT_CLASS = YES_ERROR;
				CLANG_WARN_QUOTED_INCLUDE_IN_FRAMEWORK_HEADER = YES;
				CLANG_WARN_RANGE_LOOP_ANALYSIS = YES;
				CLANG_WARN_STRICT_PROTOTYPES = YES;
				CLANG_WARN_SUSPICIOUS_MOVE = YES;
				CLANG_WARN_UNGUARDED_AVAILABILITY = YES_AGGRESSIVE;
				CLANG_WARN_UNREACHABLE_CODE = YES;
				CLANG_WARN__DUPLICATE_METHOD_MATCH = YES;
				COPY_PHASE_STRIP = NO;
				DEBUG_INFORMATION_FORMAT = "dwarf-with-dsym";
				ENABLE_NS_ASSERTIONS = NO;
				ENABLE_STRICT_OBJC_MSGSEND = YES;
				GCC_C_LANGUAGE_STANDARD = gnu11;
				GCC_NO_COMMON_BLOCKS = YES;
				GCC_WARN_64_TO_32_BIT_CONVERSION = YES;
				GCC_WARN_ABOUT_RETURN_TYPE = YES_ERROR;
				GCC_WARN_UNDECLARED_SELECTOR = YES;
				GCC_WARN_UNINITIALIZED_AUTOS = YES_AGGRESSIVE;
				GCC_WARN_UNUSED_FUNCTION = YES;
				GCC_WARN_UNUSED_VARIABLE = YES;
				IPHONEOS_DEPLOYMENT_TARGET = 15.0;
				MTL_ENABLE_DEBUG_INFO = NO;
				MTL_FAST_MATH = YES;
				SWIFT_COMPILATION_MODE = wholemodule;
				SWIFT_OPTIMIZATION_LEVEL = "-O";
			};
			name = Release;
		};
		A2F9DFDC2785507F000A9D95 /* Debug */ = {
			isa = XCBuildConfiguration;
			baseConfigurationReference = 2648639395D6137C25A8128D /* Pods-FantasyTwitter (iOS).debug.xcconfig */;
			buildSettings = {
				ASSETCATALOG_COMPILER_APPICON_NAME = AppIcon;
				ASSETCATALOG_COMPILER_GLOBAL_ACCENT_COLOR_NAME = AccentColor;
				CLANG_ENABLE_MODULES = YES;
				CODE_SIGN_STYLE = Automatic;
				CURRENT_PROJECT_VERSION = 6;
				DEVELOPMENT_TEAM = 6UB6WM6VQR;
				ENABLE_PREVIEWS = YES;
				GENERATE_INFOPLIST_FILE = YES;
				INFOPLIST_FILE = "FantasyTwitter--iOS--Info.plist";
				INFOPLIST_KEY_CFBundleDisplayName = TwitterO3;
				INFOPLIST_KEY_UIApplicationSceneManifest_Generation = YES;
				INFOPLIST_KEY_UIApplicationSupportsIndirectInputEvents = YES;
				INFOPLIST_KEY_UILaunchScreen_Generation = YES;
				INFOPLIST_KEY_UISupportedInterfaceOrientations_iPad = "UIInterfaceOrientationPortrait UIInterfaceOrientationPortraitUpsideDown UIInterfaceOrientationLandscapeLeft UIInterfaceOrientationLandscapeRight";
				INFOPLIST_KEY_UISupportedInterfaceOrientations_iPhone = "UIInterfaceOrientationPortrait UIInterfaceOrientationLandscapeLeft UIInterfaceOrientationLandscapeRight";
				IPHONEOS_DEPLOYMENT_TARGET = 15.0;
				LD_RUNPATH_SEARCH_PATHS = (
					"$(inherited)",
					"@executable_path/Frameworks",
				);
				MARKETING_VERSION = 1.0.1;
				PRODUCT_BUNDLE_IDENTIFIER = com.fantasy.FantasyTwitter;
				PRODUCT_NAME = "推特圈";
				SDKROOT = iphoneos;
				SWIFT_EMIT_LOC_STRINGS = YES;
				SWIFT_OBJC_BRIDGING_HEADER = "App/FantasyTwitter (iOS)-Bridging-Header.h";
				SWIFT_OPTIMIZATION_LEVEL = "-Onone";
				SWIFT_VERSION = 5.0;
				TARGETED_DEVICE_FAMILY = 1;
			};
			name = Debug;
		};
		A2F9DFDD2785507F000A9D95 /* Release */ = {
			isa = XCBuildConfiguration;
			baseConfigurationReference = D9067FC4A25965180DB1626C /* Pods-FantasyTwitter (iOS).release.xcconfig */;
			buildSettings = {
				ASSETCATALOG_COMPILER_APPICON_NAME = AppIcon;
				ASSETCATALOG_COMPILER_GLOBAL_ACCENT_COLOR_NAME = AccentColor;
				CLANG_ENABLE_MODULES = YES;
				CODE_SIGN_STYLE = Automatic;
				CURRENT_PROJECT_VERSION = 6;
				DEVELOPMENT_TEAM = 6UB6WM6VQR;
				ENABLE_PREVIEWS = YES;
				GENERATE_INFOPLIST_FILE = YES;
				INFOPLIST_FILE = "FantasyTwitter--iOS--Info.plist";
				INFOPLIST_KEY_CFBundleDisplayName = TwitterO3;
				INFOPLIST_KEY_UIApplicationSceneManifest_Generation = YES;
				INFOPLIST_KEY_UIApplicationSupportsIndirectInputEvents = YES;
				INFOPLIST_KEY_UILaunchScreen_Generation = YES;
				INFOPLIST_KEY_UISupportedInterfaceOrientations_iPad = "UIInterfaceOrientationPortrait UIInterfaceOrientationPortraitUpsideDown UIInterfaceOrientationLandscapeLeft UIInterfaceOrientationLandscapeRight";
				INFOPLIST_KEY_UISupportedInterfaceOrientations_iPhone = "UIInterfaceOrientationPortrait UIInterfaceOrientationLandscapeLeft UIInterfaceOrientationLandscapeRight";
				IPHONEOS_DEPLOYMENT_TARGET = 15.0;
				LD_RUNPATH_SEARCH_PATHS = (
					"$(inherited)",
					"@executable_path/Frameworks",
				);
				MARKETING_VERSION = 1.0.1;
				PRODUCT_BUNDLE_IDENTIFIER = com.fantasy.FantasyTwitter;
				PRODUCT_NAME = "推特圈";
				SDKROOT = iphoneos;
				SWIFT_EMIT_LOC_STRINGS = YES;
				SWIFT_OBJC_BRIDGING_HEADER = "App/FantasyTwitter (iOS)-Bridging-Header.h";
				SWIFT_VERSION = 5.0;
				TARGETED_DEVICE_FAMILY = 1;
				VALIDATE_PRODUCT = YES;
			};
			name = Release;
		};
/* End XCBuildConfiguration section */

/* Begin XCConfigurationList section */
		A2F9DFA92785507E000A9D95 /* Build configuration list for PBXProject "FantasyTwitter" */ = {
			isa = XCConfigurationList;
			buildConfigurations = (
				A2F9DFD92785507F000A9D95 /* Debug */,
				A2F9DFDA2785507F000A9D95 /* Release */,
			);
			defaultConfigurationIsVisible = 0;
			defaultConfigurationName = Release;
		};
		A2F9DFDB2785507F000A9D95 /* Build configuration list for PBXNativeTarget "FantasyTwitter (iOS)" */ = {
			isa = XCConfigurationList;
			buildConfigurations = (
				A2F9DFDC2785507F000A9D95 /* Debug */,
				A2F9DFDD2785507F000A9D95 /* Release */,
			);
			defaultConfigurationIsVisible = 0;
			defaultConfigurationName = Release;
		};
/* End XCConfigurationList section */
	};
	rootObject = A2F9DFA62785507E000A9D95 /* Project object */;
}
